
Microsoft Visual Studio Solution File, Format Version 12.00
# Visual Studio Version 17
VisualStudioVersion = 17.0.31903.59
MinimumVisualStudioVersion = 10.0.40219.1
Project("{2150E333-8FDC-42A3-9474-1A3956D46DE8}") = "src", "src", "{827E0CD3-B72D-47B6-A68D-7590B98EB39B}"
EndProject
Project("{FAE04EC0-301F-11D3-BF4B-00C04F79EFBC}") = "ShippingCalculator.Api", "src\ShippingCalculator.Api\ShippingCalculator.Api.csproj", "{F30C8D10-9CEB-4029-8E45-218DBDCDB11E}"
EndProject
Project("{FAE04EC0-301F-11D3-BF4B-00C04F79EFBC}") = "ShippingCalculator.Domain", "src\ShippingCalculator.Domain\ShippingCalculator.Domain.csproj", "{2E9ECDEB-136E-4DCD-B31D-78B52DF27A56}"
EndProject
Project("{2150E333-8FDC-42A3-9474-1A3956D46DE8}") = "tests", "tests", "{0AB3BF05-4346-4AA6-1389-037BE0695223}"
EndProject
Project("{FAE04EC0-301F-11D3-BF4B-00C04F79EFBC}") = "ShippingCalculator.Api.Tests", "tests\ShippingCalculator.Api.Tests\ShippingCalculator.Api.Tests.csproj", "{CC2CE569-DC19-420E-AC64-189A0398D061}"
EndProject
Project("{FAE04EC0-301F-11D3-BF4B-00C04F79EFBC}") = "ShippingCalculator.Domain.Tests", "tests\ShippingCalculator.Domain.Tests\ShippingCalculator.Domain.Tests.csproj", "{D3E2CE70-16C7-4183-B288-2A929A00149E}"
EndProject
Global
	GlobalSection(SolutionConfigurationPlatforms) = preSolution
		Debug|Any CPU = Debug|Any CPU
		Debug|x64 = Debug|x64
		Debug|x86 = Debug|x86
		Release|Any CPU = Release|Any CPU
		Release|x64 = Release|x64
		Release|x86 = Release|x86
	EndGlobalSection
	GlobalSection(ProjectConfigurationPlatforms) = postSolution
		{F30C8D10-9CEB-4029-8E45-218DBDCDB11E}.Debug|Any CPU.ActiveCfg = Debug|Any CPU
		{F30C8D10-9CEB-4029-8E45-218DBDCDB11E}.Debug|Any CPU.Build.0 = Debug|Any CPU
		{F30C8D10-9CEB-4029-8E45-218DBDCDB11E}.Debug|x64.ActiveCfg = Debug|Any CPU
		{F30C8D10-9CEB-4029-8E45-218DBDCDB11E}.Debug|x64.Build.0 = Debug|Any CPU
		{F30C8D10-9CEB-4029-8E45-218DBDCDB11E}.Debug|x86.ActiveCfg = Debug|Any CPU
		{F30C8D10-9CEB-4029-8E45-218DBDCDB11E}.Debug|x86.Build.0 = Debug|Any CPU
		{F30C8D10-9CEB-4029-8E45-218DBDCDB11E}.Release|Any CPU.ActiveCfg = Release|Any CPU
		{F30C8D10-9CEB-4029-8E45-218DBDCDB11E}.Release|Any CPU.Build.0 = Release|Any CPU
		{F30C8D10-9CEB-4029-8E45-218DBDCDB11E}.Release|x64.ActiveCfg = Release|Any CPU
		{F30C8D10-9CEB-4029-8E45-218DBDCDB11E}.Release|x64.Build.0 = Release|Any CPU
		{F30C8D10-9CEB-4029-8E45-218DBDCDB11E}.Release|x86.ActiveCfg = Release|Any CPU
		{F30C8D10-9CEB-4029-8E45-218DBDCDB11E}.Release|x86.Build.0 = Release|Any CPU
		{2E9ECDEB-136E-4DCD-B31D-78B52DF27A56}.Debug|Any CPU.ActiveCfg = Debug|Any CPU
		{2E9ECDEB-136E-4DCD-B31D-78B52DF27A56}.Debug|Any CPU.Build.0 = Debug|Any CPU
		{2E9ECDEB-136E-4DCD-B31D-78B52DF27A56}.Debug|x64.ActiveCfg = Debug|Any CPU
		{2E9ECDEB-136E-4DCD-B31D-78B52DF27A56}.Debug|x64.Build.0 = Debug|Any CPU
		{2E9ECDEB-136E-4DCD-B31D-78B52DF27A56}.Debug|x86.ActiveCfg = Debug|Any CPU
		{2E9ECDEB-136E-4DCD-B31D-78B52DF27A56}.Debug|x86.Build.0 = Debug|Any CPU
		{2E9ECDEB-136E-4DCD-B31D-78B52DF27A56}.Release|Any CPU.ActiveCfg = Release|Any CPU
		{2E9ECDEB-136E-4DCD-B31D-78B52DF27A56}.Release|Any CPU.Build.0 = Release|Any CPU
		{2E9ECDEB-136E-4DCD-B31D-78B52DF27A56}.Release|x64.ActiveCfg = Release|Any CPU
		{2E9ECDEB-136E-4DCD-B31D-78B52DF27A56}.Release|x64.Build.0 = Release|Any CPU
		{2E9ECDEB-136E-4DCD-B31D-78B52DF27A56}.Release|x86.ActiveCfg = Release|Any CPU
		{2E9ECDEB-136E-4DCD-B31D-78B52DF27A56}.Release|x86.Build.0 = Release|Any CPU
		{CC2CE569-DC19-420E-AC64-189A0398D061}.Debug|Any CPU.ActiveCfg = Debug|Any CPU
		{CC2CE569-DC19-420E-AC64-189A0398D061}.Debug|Any CPU.Build.0 = Debug|Any CPU
		{CC2CE569-DC19-420E-AC64-189A0398D061}.Debug|x64.ActiveCfg = Debug|Any CPU
		{CC2CE569-DC19-420E-AC64-189A0398D061}.Debug|x64.Build.0 = Debug|Any CPU
		{CC2CE569-DC19-420E-AC64-189A0398D061}.Debug|x86.ActiveCfg = Debug|Any CPU
		{CC2CE569-DC19-420E-AC64-189A0398D061}.Debug|x86.Build.0 = Debug|Any CPU
		{CC2CE569-DC19-420E-AC64-189A0398D061}.Release|Any CPU.ActiveCfg = Release|Any CPU
		{CC2CE569-DC19-420E-AC64-189A0398D061}.Release|Any CPU.Build.0 = Release|Any CPU
		{CC2CE569-DC19-420E-AC64-189A0398D061}.Release|x64.ActiveCfg = Release|Any CPU
		{CC2CE569-DC19-420E-AC64-189A0398D061}.Release|x64.Build.0 = Release|Any CPU
		{CC2CE569-DC19-420E-AC64-189A0398D061}.Release|x86.ActiveCfg = Release|Any CPU
		{CC2CE569-DC19-420E-AC64-189A0398D061}.Release|x86.Build.0 = Release|Any CPU
		{D3E2CE70-16C7-4183-B288-2A929A00149E}.Debug|Any CPU.ActiveCfg = Debug|Any CPU
		{D3E2CE70-16C7-4183-B288-2A929A00149E}.Debug|Any CPU.Build.0 = Debug|Any CPU
		{D3E2CE70-16C7-4183-B288-2A929A00149E}.Debug|x64.ActiveCfg = Debug|Any CPU
		{D3E2CE70-16C7-4183-B288-2A929A00149E}.Debug|x64.Build.0 = Debug|Any CPU
		{D3E2CE70-16C7-4183-B288-2A929A00149E}.Debug|x86.ActiveCfg = Debug|Any CPU
		{D3E2CE70-16C7-4183-B288-2A929A00149E}.Debug|x86.Build.0 = Debug|Any CPU
		{D3E2CE70-16C7-4183-B288-2A929A00149E}.Release|Any CPU.ActiveCfg = Release|Any CPU
		{D3E2CE70-16C7-4183-B288-2A929A00149E}.Release|Any CPU.Build.0 = Release|Any CPU
		{D3E2CE70-16C7-4183-B288-2A929A00149E}.Release|x64.ActiveCfg = Release|Any CPU
		{D3E2CE70-16C7-4183-B288-2A929A00149E}.Release|x64.Build.0 = Release|Any CPU
		{D3E2CE70-16C7-4183-B288-2A929A00149E}.Release|x86.ActiveCfg = Release|Any CPU
		{D3E2CE70-16C7-4183-B288-2A929A00149E}.Release|x86.Build.0 = Release|Any CPU
	EndGlobalSection
	GlobalSection(SolutionProperties) = preSolution
		HideSolutionNode = FALSE
	EndGlobalSection
	GlobalSection(NestedProjects) = preSolution
		{F30C8D10-9CEB-4029-8E45-218DBDCDB11E} = {827E0CD3-B72D-47B6-A68D-7590B98EB39B}
		{2E9ECDEB-136E-4DCD-B31D-78B52DF27A56} = {827E0CD3-B72D-47B6-A68D-7590B98EB39B}
		{CC2CE569-DC19-420E-AC64-189A0398D061} = {0AB3BF05-4346-4AA6-1389-037BE0695223}
		{D3E2CE70-16C7-4183-B288-2A929A00149E} = {0AB3BF05-4346-4AA6-1389-037BE0695223}
	EndGlobalSection
EndGlobal
